// !$*UTF8*$!
{
	archiveVersion = 1;
	classes = {
	};
	objectVersion = 55;
	objects = {

/* Begin PBXBuildFile section */
		EC1CE6FD28B1146F0069DC17 /* AppDelegate.swift in Sources */ = {isa = PBXBuildFile; fileRef = EC1CE6FC28B1146F0069DC17 /* AppDelegate.swift */; };
		EC1CE6FF28B1146F0069DC17 /* SceneDelegate.swift in Sources */ = {isa = PBXBuildFile; fileRef = EC1CE6FE28B1146F0069DC17 /* SceneDelegate.swift */; };
		EC1CE70128B1146F0069DC17 /* ViewController.swift in Sources */ = {isa = PBXBuildFile; fileRef = EC1CE70028B1146F0069DC17 /* ViewController.swift */; };
		EC1CE70428B1146F0069DC17 /* Main.storyboard in Resources */ = {isa = PBXBuildFile; fileRef = EC1CE70228B1146F0069DC17 /* Main.storyboard */; };
		EC1CE70628B114710069DC17 /* Assets.xcassets in Resources */ = {isa = PBXBuildFile; fileRef = EC1CE70528B114710069DC17 /* Assets.xcassets */; };
		EC1CE70928B114710069DC17 /* LaunchScreen.storyboard in Resources */ = {isa = PBXBuildFile; fileRef = EC1CE70728B114710069DC17 /* LaunchScreen.storyboard */; };
		EC1CE71528B12A930069DC17 /* BeerClass.swift in Sources */ = {isa = PBXBuildFile; fileRef = EC1CE71428B12A930069DC17 /* BeerClass.swift */; };
		EC1CE71728B12B410069DC17 /* ManagerSingleton.swift in Sources */ = {isa = PBXBuildFile; fileRef = EC1CE71628B12B410069DC17 /* ManagerSingleton.swift */; };
		EC53091B28BB6E3D00271C54 /* CustomizeButton.swift in Sources */ = {isa = PBXBuildFile; fileRef = EC53091A28BB6E3D00271C54 /* CustomizeButton.swift */; };
		EC53091D28BB798700271C54 /* CustomizeLabel.swift in Sources */ = {isa = PBXBuildFile; fileRef = EC53091C28BB798700271C54 /* CustomizeLabel.swift */; };
		ECFE1EC928B258C40051C0FE /* LaunchViewController.swift in Sources */ = {isa = PBXBuildFile; fileRef = ECFE1EC828B258C40051C0FE /* LaunchViewController.swift */; };
/* End PBXBuildFile section */

/* Begin PBXFileReference section */
		EC1CE6F928B1146F0069DC17 /* BeerPub.app */ = {isa = PBXFileReference; explicitFileType = wrapper.application; includeInIndex = 0; path = BeerPub.app; sourceTree = BUILT_PRODUCTS_DIR; };
		EC1CE6FC28B1146F0069DC17 /* AppDelegate.swift */ = {isa = PBXFileReference; lastKnownFileType = sourcecode.swift; path = AppDelegate.swift; sourceTree = "<group>"; };
		EC1CE6FE28B1146F0069DC17 /* SceneDelegate.swift */ = {isa = PBXFileReference; lastKnownFileType = sourcecode.swift; path = SceneDelegate.swift; sourceTree = "<group>"; };
		EC1CE70028B1146F0069DC17 /* ViewController.swift */ = {isa = PBXFileReference; lastKnownFileType = sourcecode.swift; path = ViewController.swift; sourceTree = "<group>"; };
		EC1CE70328B1146F0069DC17 /* Base */ = {isa = PBXFileReference; lastKnownFileType = file.storyboard; name = Base; path = Base.lproj/Main.storyboard; sourceTree = "<group>"; };
		EC1CE70528B114710069DC17 /* Assets.xcassets */ = {isa = PBXFileReference; lastKnownFileType = folder.assetcatalog; path = Assets.xcassets; sourceTree = "<group>"; };
		EC1CE70828B114710069DC17 /* Base */ = {isa = PBXFileReference; lastKnownFileType = file.storyboard; name = Base; path = Base.lproj/LaunchScreen.storyboard; sourceTree = "<group>"; };
		EC1CE70A28B114710069DC17 /* Info.plist */ = {isa = PBXFileReference; lastKnownFileType = text.plist.xml; path = Info.plist; sourceTree = "<group>"; };
		EC1CE71028B115F40069DC17 /* README.md */ = {isa = PBXFileReference; lastKnownFileType = net.daringfireball.markdown; path = README.md; sourceTree = "<group>"; };
		EC1CE71428B12A930069DC17 /* BeerClass.swift */ = {isa = PBXFileReference; lastKnownFileType = sourcecode.swift; path = BeerClass.swift; sourceTree = "<group>"; };
		EC1CE71628B12B410069DC17 /* ManagerSingleton.swift */ = {isa = PBXFileReference; lastKnownFileType = sourcecode.swift; path = ManagerSingleton.swift; sourceTree = "<group>"; };
		EC53091A28BB6E3D00271C54 /* CustomizeButton.swift */ = {isa = PBXFileReference; lastKnownFileType = sourcecode.swift; path = CustomizeButton.swift; sourceTree = "<group>"; };
		EC53091C28BB798700271C54 /* CustomizeLabel.swift */ = {isa = PBXFileReference; lastKnownFileType = sourcecode.swift; path = CustomizeLabel.swift; sourceTree = "<group>"; };
		ECFE1EC828B258C40051C0FE /* LaunchViewController.swift */ = {isa = PBXFileReference; lastKnownFileType = sourcecode.swift; path = LaunchViewController.swift; sourceTree = "<group>"; };
/* End PBXFileReference section */

/* Begin PBXFrameworksBuildPhase section */
		EC1CE6F628B1146F0069DC17 /* Frameworks */ = {
			isa = PBXFrameworksBuildPhase;
			buildActionMask = 2147483647;
			files = (
			);
			runOnlyForDeploymentPostprocessing = 0;
		};
/* End PBXFrameworksBuildPhase section */

/* Begin PBXGroup section */
		EC1CE6F028B1146F0069DC17 = {
			isa = PBXGroup;
			children = (
				EC1CE71028B115F40069DC17 /* README.md */,
				EC1CE6FB28B1146F0069DC17 /* BeerPub */,
				EC1CE6FA28B1146F0069DC17 /* Products */,
			);
			sourceTree = "<group>";
		};
		EC1CE6FA28B1146F0069DC17 /* Products */ = {
			isa = PBXGroup;
			children = (
				EC1CE6F928B1146F0069DC17 /* BeerPub.app */,
			);
			name = Products;
			sourceTree = "<group>";
		};
		EC1CE6FB28B1146F0069DC17 /* BeerPub */ = {
			isa = PBXGroup;
			children = (
				EC1CE71128B12A210069DC17 /* Models */,
				EC1CE71328B12A600069DC17 /* View */,
				EC1CE71228B12A330069DC17 /* Controllers */,
				EC1CE6FC28B1146F0069DC17 /* AppDelegate.swift */,
				EC1CE6FE28B1146F0069DC17 /* SceneDelegate.swift */,
				EC1CE70A28B114710069DC17 /* Info.plist */,
			);
			path = BeerPub;
			sourceTree = "<group>";
		};
		EC1CE71128B12A210069DC17 /* Models */ = {
			isa = PBXGroup;
			children = (
				EC1CE71428B12A930069DC17 /* BeerClass.swift */,
				EC1CE71628B12B410069DC17 /* ManagerSingleton.swift */,
				EC53091A28BB6E3D00271C54 /* CustomizeButton.swift */,
				EC53091C28BB798700271C54 /* CustomizeLabel.swift */,
			);
			path = Models;
			sourceTree = "<group>";
		};
		EC1CE71228B12A330069DC17 /* Controllers */ = {
			isa = PBXGroup;
			children = (
				EC1CE70028B1146F0069DC17 /* ViewController.swift */,
				ECFE1EC828B258C40051C0FE /* LaunchViewController.swift */,
			);
			path = Controllers;
			sourceTree = "<group>";
		};
		EC1CE71328B12A600069DC17 /* View */ = {
			isa = PBXGroup;
			children = (
				EC1CE70228B1146F0069DC17 /* Main.storyboard */,
				EC1CE70528B114710069DC17 /* Assets.xcassets */,
				EC1CE70728B114710069DC17 /* LaunchScreen.storyboard */,
			);
			path = View;
			sourceTree = "<group>";
		};
/* End PBXGroup section */

/* Begin PBXNativeTarget section */
		EC1CE6F828B1146F0069DC17 /* BeerPub */ = {
			isa = PBXNativeTarget;
			buildConfigurationList = EC1CE70D28B114710069DC17 /* Build configuration list for PBXNativeTarget "BeerPub" */;
			buildPhases = (
				EC1CE6F528B1146F0069DC17 /* Sources */,
				EC1CE6F628B1146F0069DC17 /* Frameworks */,
				EC1CE6F728B1146F0069DC17 /* Resources */,
			);
			buildRules = (
			);
			dependencies = (
			);
			name = BeerPub;
			productName = BeerPub;
			productReference = EC1CE6F928B1146F0069DC17 /* BeerPub.app */;
			productType = "com.apple.product-type.application";
		};
/* End PBXNativeTarget section */

/* Begin PBXProject section */
		EC1CE6F128B1146F0069DC17 /* Project object */ = {
			isa = PBXProject;
			attributes = {
				BuildIndependentTargetsInParallel = 1;
				LastSwiftUpdateCheck = 1340;
				LastUpgradeCheck = 1340;
				TargetAttributes = {
					EC1CE6F828B1146F0069DC17 = {
						CreatedOnToolsVersion = 13.4.1;
					};
				};
			};
			buildConfigurationList = EC1CE6F428B1146F0069DC17 /* Build configuration list for PBXProject "BeerPub" */;
			compatibilityVersion = "Xcode 13.0";
			developmentRegion = en;
			hasScannedForEncodings = 0;
			knownRegions = (
				en,
				Base,
			);
			mainGroup = EC1CE6F028B1146F0069DC17;
			productRefGroup = EC1CE6FA28B1146F0069DC17 /* Products */;
			projectDirPath = "";
			projectRoot = "";
			targets = (
				EC1CE6F828B1146F0069DC17 /* BeerPub */,
			);
		};
/* End PBXProject section */

/* Begin PBXResourcesBuildPhase section */
		EC1CE6F728B1146F0069DC17 /* Resources */ = {
			isa = PBXResourcesBuildPhase;
			buildActionMask = 2147483647;
			files = (
				EC1CE70928B114710069DC17 /* LaunchScreen.storyboard in Resources */,
				EC1CE70628B114710069DC17 /* Assets.xcassets in Resources */,
				EC1CE70428B1146F0069DC17 /* Main.storyboard in Resources */,
			);
			runOnlyForDeploymentPostprocessing = 0;
		};
/* End PBXResourcesBuildPhase section */

/* Begin PBXSourcesBuildPhase section */
		EC1CE6F528B1146F0069DC17 /* Sources */ = {
			isa = PBXSourcesBuildPhase;
			buildActionMask = 2147483647;
			files = (
				EC1CE70128B1146F0069DC17 /* ViewController.swift in Sources */,
				ECFE1EC928B258C40051C0FE /* LaunchViewController.swift in Sources */,
				EC53091D28BB798700271C54 /* CustomizeLabel.swift in Sources */,
				EC53091B28BB6E3D00271C54 /* CustomizeButton.swift in Sources */,
				EC1CE6FD28B1146F0069DC17 /* AppDelegate.swift in Sources */,
				EC1CE71528B12A930069DC17 /* BeerClass.swift in Sources */,
				EC1CE6FF28B1146F0069DC17 /* SceneDelegate.swift in Sources */,
				EC1CE71728B12B410069DC17 /* ManagerSingleton.swift in Sources */,
			);
			runOnlyForDeploymentPostprocessing = 0;
		};
/* End PBXSourcesBuildPhase section */

/* Begin PBXVariantGroup section */
		EC1CE70228B1146F0069DC17 /* Main.storyboard */ = {
			isa = PBXVariantGroup;
			children = (
				EC1CE70328B1146F0069DC17 /* Base */,
			);
			name = Main.storyboard;
			sourceTree = "<group>";
		};
		EC1CE70728B114710069DC17 /* LaunchScreen.storyboard */ = {
			isa = PBXVariantGroup;
			children = (
				EC1CE70828B114710069DC17 /* Base */,
			);
			name = LaunchScreen.storyboard;
			sourceTree = "<group>";
		};
/* End PBXVariantGroup section */

/* Begin XCBuildConfiguration section */
		EC1CE70B28B114710069DC17 /* Debug */ = {
			isa = XCBuildConfiguration;
			buildSettings = {
				ALWAYS_SEARCH_USER_PATHS = NO;
				CLANG_ANALYZER_NONNULL = YES;
				CLANG_ANALYZER_NUMBER_OBJECT_CONVERSION = YES_AGGRESSIVE;
				CLANG_CXX_LANGUAGE_STANDARD = "gnu++17";
				CLANG_ENABLE_MODULES = YES;
				CLANG_ENABLE_OBJC_ARC = YES;
				CLANG_ENABLE_OBJC_WEAK = YES;
				CLANG_WARN_BLOCK_CAPTURE_AUTORELEASING = YES;
				CLANG_WARN_BOOL_CONVERSION = YES;
				CLANG_WARN_COMMA = YES;
				CLANG_WARN_CONSTANT_CONVERSION = YES;
				CLANG_WARN_DEPRECATED_OBJC_IMPLEMENTATIONS = YES;
				CLANG_WARN_DIRECT_OBJC_ISA_USAGE = YES_ERROR;
				CLANG_WARN_DOCUMENTATION_COMMENTS = YES;
				CLANG_WARN_EMPTY_BODY = YES;
				CLANG_WARN_ENUM_CONVERSION = YES;
				CLANG_WARN_INFINITE_RECURSION = YES;
				CLANG_WARN_INT_CONVERSION = YES;
				CLANG_WARN_NON_LITERAL_NULL_CONVERSION = YES;
				CLANG_WARN_OBJC_IMPLICIT_RETAIN_SELF = YES;
				CLANG_WARN_OBJC_LITERAL_CONVERSION = YES;
				CLANG_WARN_OBJC_ROOT_CLASS = YES_ERROR;
				CLANG_WARN_QUOTED_INCLUDE_IN_FRAMEWORK_HEADER = YES;
				CLANG_WARN_RANGE_LOOP_ANALYSIS = YES;
				CLANG_WARN_STRICT_PROTOTYPES = YES;
				CLANG_WARN_SUSPICIOUS_MOVE = YES;
				CLANG_WARN_UNGUARDED_AVAILABILITY = YES_AGGRESSIVE;
				CLANG_WARN_UNREACHABLE_CODE = YES;
				CLANG_WARN__DUPLICATE_METHOD_MATCH = YES;
				COPY_PHASE_STRIP = NO;
				DEBUG_INFORMATION_FORMAT = dwarf;
				ENABLE_STRICT_OBJC_MSGSEND = YES;
				ENABLE_TESTABILITY = YES;
				GCC_C_LANGUAGE_STANDARD = gnu11;
				GCC_DYNAMIC_NO_PIC = NO;
				GCC_NO_COMMON_BLOCKS = YES;
				GCC_OPTIMIZATION_LEVEL = 0;
				GCC_PREPROCESSOR_DEFINITIONS = (
					"DEBUG=1",
					"$(inherited)",
				);
				GCC_WARN_64_TO_32_BIT_CONVERSION = YES;
				GCC_WARN_ABOUT_RETURN_TYPE = YES_ERROR;
				GCC_WARN_UNDECLARED_SELECTOR = YES;
				GCC_WARN_UNINITIALIZED_AUTOS = YES_AGGRESSIVE;
				GCC_WARN_UNUSED_FUNCTION = YES;
				GCC_WARN_UNUSED_VARIABLE = YES;
				IPHONEOS_DEPLOYMENT_TARGET = 15.5;
				MTL_ENABLE_DEBUG_INFO = INCLUDE_SOURCE;
				MTL_FAST_MATH = YES;
				ONLY_ACTIVE_ARCH = YES;
				SDKROOT = iphoneos;
				SWIFT_ACTIVE_COMPILATION_CONDITIONS = DEBUG;
				SWIFT_OPTIMIZATION_LEVEL = "-Onone";
			};
			name = Debug;
		};
		EC1CE70C28B114710069DC17 /* Release */ = {
			isa = XCBuildConfiguration;
			buildSettings = {
				ALWAYS_SEARCH_USER_PATHS = NO;
				CLANG_ANALYZER_NONNULL = YES;
				CLANG_ANALYZER_NUMBER_OBJECT_CONVERSION = YES_AGGRESSIVE;
				CLANG_CXX_LANGUAGE_STANDARD = "gnu++17";
				CLANG_ENABLE_MODULES = YES;
				CLANG_ENABLE_OBJC_ARC = YES;
				CLANG_ENABLE_OBJC_WEAK = YES;
				CLANG_WARN_BLOCK_CAPTURE_AUTORELEASING = YES;
				CLANG_WARN_BOOL_CONVERSION = YES;
				CLANG_WARN_COMMA = YES;
				CLANG_WARN_CONSTANT_CONVERSION = YES;
				CLANG_WARN_DEPRECATED_OBJC_IMPLEMENTATIONS = YES;
				CLANG_WARN_DIRECT_OBJC_ISA_USAGE = YES_ERROR;
				CLANG_WARN_DOCUMENTATION_COMMENTS = YES;
				CLANG_WARN_EMPTY_BODY = YES;
				CLANG_WARN_ENUM_CONVERSION = YES;
				CLANG_WARN_INFINITE_RECURSION = YES;
				CLANG_WARN_INT_CONVERSION = YES;
				CLANG_WARN_NON_LITERAL_NULL_CONVERSION = YES;
				CLANG_WARN_OBJC_IMPLICIT_RETAIN_SELF = YES;
				CLANG_WARN_OBJC_LITERAL_CONVERSION = YES;
				CLANG_WARN_OBJC_ROOT_CLASS = YES_ERROR;
				CLANG_WARN_QUOTED_INCLUDE_IN_FRAMEWORK_HEADER = YES;
				CLANG_WARN_RANGE_LOOP_ANALYSIS = YES;
				CLANG_WARN_STRICT_PROTOTYPES = YES;
				CLANG_WARN_SUSPICIOUS_MOVE = YES;
				CLANG_WARN_UNGUARDED_AVAILABILITY = YES_AGGRESSIVE;
				CLANG_WARN_UNREACHABLE_CODE = YES;
				CLANG_WARN__DUPLICATE_METHOD_MATCH = YES;
				COPY_PHASE_STRIP = NO;
				DEBUG_INFORMATION_FORMAT = "dwarf-with-dsym";
				ENABLE_NS_ASSERTIONS = NO;
				ENABLE_STRICT_OBJC_MSGSEND = YES;
				GCC_C_LANGUAGE_STANDARD = gnu11;
				GCC_NO_COMMON_BLOCKS = YES;
				GCC_WARN_64_TO_32_BIT_CONVERSION = YES;
				GCC_WARN_ABOUT_RETURN_TYPE = YES_ERROR;
				GCC_WARN_UNDECLARED_SELECTOR = YES;
				GCC_WARN_UNINITIALIZED_AUTOS = YES_AGGRESSIVE;
				GCC_WARN_UNUSED_FUNCTION = YES;
				GCC_WARN_UNUSED_VARIABLE = YES;
				IPHONEOS_DEPLOYMENT_TARGET = 15.5;
				MTL_ENABLE_DEBUG_INFO = NO;
				MTL_FAST_MATH = YES;
				SDKROOT = iphoneos;
				SWIFT_COMPILATION_MODE = wholemodule;
				SWIFT_OPTIMIZATION_LEVEL = "-O";
				VALIDATE_PRODUCT = YES;
			};
			name = Release;
		};
		EC1CE70E28B114710069DC17 /* Debug */ = {
			isa = XCBuildConfiguration;
			buildSettings = {
				ASSETCATALOG_COMPILER_APPICON_NAME = AppIcon;
				ASSETCATALOG_COMPILER_GLOBAL_ACCENT_COLOR_NAME = AccentColor;
				CODE_SIGN_STYLE = Automatic;
				CURRENT_PROJECT_VERSION = 1;
				DEVELOPMENT_TEAM = 2VG4ZY7KN4;
				GENERATE_INFOPLIST_FILE = YES;
				INFOPLIST_FILE = BeerPub/Info.plist;
				INFOPLIST_KEY_UIApplicationSupportsIndirectInputEvents = YES;
				INFOPLIST_KEY_UILaunchStoryboardName = LaunchScreen;
				INFOPLIST_KEY_UIMainStoryboardFile = Main;
				INFOPLIST_KEY_UISupportedInterfaceOrientations = "";
				INFOPLIST_KEY_UISupportedInterfaceOrientations_iPad = "UIInterfaceOrientationPortrait UIInterfaceOrientationPortraitUpsideDown UIInterfaceOrientationLandscapeLeft UIInterfaceOrientationLandscapeRight";
				INFOPLIST_KEY_UISupportedInterfaceOrientations_iPhone = "UIInterfaceOrientationPortrait UIInterfaceOrientationLandscapeLeft UIInterfaceOrientationLandscapeRight";
				LD_RUNPATH_SEARCH_PATHS = (
					"$(inherited)",
					"@executable_path/Frameworks",
				);
				MARKETING_VERSION = 1.0;
				PRODUCT_BUNDLE_IDENTIFIER = vadimS.BeerPub;
				PRODUCT_NAME = "$(TARGET_NAME)";
				SWIFT_EMIT_LOC_STRINGS = YES;
				SWIFT_VERSION = 5.0;
				TARGETED_DEVICE_FAMILY = 1;
			};
			name = Debug;
		};
		EC1CE70F28B114710069DC17 /* Release */ = {
			isa = XCBuildConfiguration;
			buildSettings = {
				ASSETCATALOG_COMPILER_APPICON_NAME = AppIcon;
				ASSETCATALOG_COMPILER_GLOBAL_ACCENT_COLOR_NAME = AccentColor;
				CODE_SIGN_STYLE = Automatic;
				CURRENT_PROJECT_VERSION = 1;
				DEVELOPMENT_TEAM = 2VG4ZY7KN4;
				GENERATE_INFOPLIST_FILE = YES;
				INFOPLIST_FILE = BeerPub/Info.plist;
				INFOPLIST_KEY_UIApplicationSupportsIndirectInputEvents = YES;
				INFOPLIST_KEY_UILaunchStoryboardName = LaunchScreen;
				INFOPLIST_KEY_UIMainStoryboardFile = Main;
				INFOPLIST_KEY_UISupportedInterfaceOrientations = "";
				INFOPLIST_KEY_UISupportedInterfaceOrientations_iPad = "UIInterfaceOrientationPortrait UIInterfaceOrientationPortraitUpsideDown UIInterfaceOrientationLandscapeLeft UIInterfaceOrientationLandscapeRight";
				INFOPLIST_KEY_UISupportedInterfaceOrientations_iPhone = "UIInterfaceOrientationPortrait UIInterfaceOrientationLandscapeLeft UIInterfaceOrientationLandscapeRight";
				LD_RUNPATH_SEARCH_PATHS = (
					"$(inherited)",
					"@executable_path/Frameworks",
				);
				MARKETING_VERSION = 1.0;
				PRODUCT_BUNDLE_IDENTIFIER = vadimS.BeerPub;
				PRODUCT_NAME = "$(TARGET_NAME)";
				SWIFT_EMIT_LOC_STRINGS = YES;
				SWIFT_VERSION = 5.0;
				TARGETED_DEVICE_FAMILY = 1;
			};
			name = Release;
		};
/* End XCBuildConfiguration section */

/* Begin XCConfigurationList section */
		EC1CE6F428B1146F0069DC17 /* Build configuration list for PBXProject "BeerPub" */ = {
			isa = XCConfigurationList;
			buildConfigurations = (
				EC1CE70B28B114710069DC17 /* Debug */,
				EC1CE70C28B114710069DC17 /* Release */,
			);
			defaultConfigurationIsVisible = 0;
			defaultConfigurationName = Release;
		};
		EC1CE70D28B114710069DC17 /* Build configuration list for PBXNativeTarget "BeerPub" */ = {
			isa = XCConfigurationList;
			buildConfigurations = (
				EC1CE70E28B114710069DC17 /* Debug */,
				EC1CE70F28B114710069DC17 /* Release */,
			);
			defaultConfigurationIsVisible = 0;
			defaultConfigurationName = Release;
		};
/* End XCConfigurationList section */
	};
	rootObject = EC1CE6F128B1146F0069DC17 /* Project object */;
}
